// !$*UTF8*$!
{
	archiveVersion = 1;
	classes = {
	};
	objectVersion = 77;
	objects = {

/* Begin PBXBuildFile section */
		03FDD864BF4AEE42C0C2A092 /* LabelTokensField.swift in Sources */ = {isa = PBXBuildFile; fileRef = 78DD03300B375A1AA94F9F24 /* LabelTokensField.swift */; };
		19863E0CC792A7E5327ABE31 /* Theme.swift in Sources */ = {isa = PBXBuildFile; fileRef = 819337D1595290803F0B11C8 /* Theme.swift */; };
		20FF3F5933F4FB084561987C /* BoardView.swift in Sources */ = {isa = PBXBuildFile; fileRef = 619C85475CA602B7E3CA8B6D /* BoardView.swift */; };
		287AE24DE824E9C3D1D46C9A /* GitHubIssueLink.swift in Sources */ = {isa = PBXBuildFile; fileRef = 02E0B3D7B7CC903CE62875B3 /* GitHubIssueLink.swift */; };
		2CE8D6377AD4ACDE3C1DA1BB /* Assets.xcassets in Resources */ = {isa = PBXBuildFile; fileRef = C4ADCCE22DAB9D7A78246901 /* Assets.xcassets */; };
		2FB026E1389C62E4047EB85B /* EmptyStates.swift in Sources */ = {isa = PBXBuildFile; fileRef = E2C661A8888A4EE4E4FECCDB /* EmptyStates.swift */; };
		37E1A8F0A0352666543F3DBB /* SidebarView.swift in Sources */ = {isa = PBXBuildFile; fileRef = 36E128784F7CF9DB9F511DEA /* SidebarView.swift */; };
		3D1ACF0882DA1ED6657DCC11 /* GRDB in Frameworks */ = {isa = PBXBuildFile; productRef = A565A1B4A02340C63B51DD2D /* GRDB */; };
		418923F48E2C9EAB9A0530B5 /* AppIcon.icns in Resources */ = {isa = PBXBuildFile; fileRef = B4590B891128234CAEDD8FCC /* AppIcon.icns */; };
		4548EBBCC0D2771E51AD09DC /* Database.swift in Sources */ = {isa = PBXBuildFile; fileRef = FF07FAF307783853DDB64880 /* Database.swift */; };
		55797B9B3D845C53C1EAE6AF /* ArkboardApp.swift in Sources */ = {isa = PBXBuildFile; fileRef = 28E5EE3913CF9079E5B96E81 /* ArkboardApp.swift */; };
		844F4C1A7BF3841DA4C1C581 /* QuickAddSheet.swift in Sources */ = {isa = PBXBuildFile; fileRef = B8B9C6B2EDAC952C388202F0 /* QuickAddSheet.swift */; };
		8505497618D4107B6BCA63FF /* MCPServer.swift in Sources */ = {isa = PBXBuildFile; fileRef = 7F4F596266E3DE39E1947110 /* MCPServer.swift */; };
		8789BCED0F496BB82D518193 /* IssueListView.swift in Sources */ = {isa = PBXBuildFile; fileRef = 0100CADAE429735C3651EABF /* IssueListView.swift */; };
		87CA37DC88CC206CA0424924 /* SettingsView.swift in Sources */ = {isa = PBXBuildFile; fileRef = 3C66B960BC6623A666AB5A3C /* SettingsView.swift */; };
		B3A297417464FB8DD8A50950 /* RootView.swift in Sources */ = {isa = PBXBuildFile; fileRef = E530EAE692902D376454BDC0 /* RootView.swift */; };
		B7FF141559F1CA828EFFD8E1 /* Models.swift in Sources */ = {isa = PBXBuildFile; fileRef = DB8648EA8477A5B7ED187668 /* Models.swift */; };
		C0A95BA632C7BFD4D3A9C175 /* ActivityFeedView.swift in Sources */ = {isa = PBXBuildFile; fileRef = DED51408B047CE48749C7D91 /* ActivityFeedView.swift */; };
		E9005D385404250D02DDB2D1 /* PortfolioView.swift in Sources */ = {isa = PBXBuildFile; fileRef = 1D58B0EE37E6A84A407B3F91 /* PortfolioView.swift */; };
		E9020F24CE9935A0E3FD6F31 /* AppStore.swift in Sources */ = {isa = PBXBuildFile; fileRef = B139EC32050FAE74A00A8216 /* AppStore.swift */; };
		F502F378CD5B813ED894101E /* Seed.swift in Sources */ = {isa = PBXBuildFile; fileRef = 6806623E2040D5B7EF3B03FD /* Seed.swift */; };
		FD6AD1AC9DDB5A81B8276F8A /* IssueDetailView.swift in Sources */ = {isa = PBXBuildFile; fileRef = 16FF590965F29383224A2B13 /* IssueDetailView.swift */; };
/* End PBXBuildFile section */

/* Begin PBXFileReference section */
		0100CADAE429735C3651EABF /* IssueListView.swift */ = {isa = PBXFileReference; lastKnownFileType = sourcecode.swift; path = IssueListView.swift; sourceTree = "<group>"; };
		02E0B3D7B7CC903CE62875B3 /* GitHubIssueLink.swift */ = {isa = PBXFileReference; lastKnownFileType = sourcecode.swift; path = GitHubIssueLink.swift; sourceTree = "<group>"; };
		16FF590965F29383224A2B13 /* IssueDetailView.swift */ = {isa = PBXFileReference; lastKnownFileType = sourcecode.swift; path = IssueDetailView.swift; sourceTree = "<group>"; };
		1D58B0EE37E6A84A407B3F91 /* PortfolioView.swift */ = {isa = PBXFileReference; lastKnownFileType = sourcecode.swift; path = PortfolioView.swift; sourceTree = "<group>"; };
		28E5EE3913CF9079E5B96E81 /* ArkboardApp.swift */ = {isa = PBXFileReference; lastKnownFileType = sourcecode.swift; path = ArkboardApp.swift; sourceTree = "<group>"; };
		36E128784F7CF9DB9F511DEA /* SidebarView.swift */ = {isa = PBXFileReference; lastKnownFileType = sourcecode.swift; path = SidebarView.swift; sourceTree = "<group>"; };
		3C66B960BC6623A666AB5A3C /* SettingsView.swift */ = {isa = PBXFileReference; lastKnownFileType = sourcecode.swift; path = SettingsView.swift; sourceTree = "<group>"; };
		619C85475CA602B7E3CA8B6D /* BoardView.swift */ = {isa = PBXFileReference; lastKnownFileType = sourcecode.swift; path = BoardView.swift; sourceTree = "<group>"; };
		632C2BE37129EE7A6CC3944F /* Arkboard.entitlements */ = {isa = PBXFileReference; lastKnownFileType = text.plist.entitlements; path = Arkboard.entitlements; sourceTree = "<group>"; };
		6806623E2040D5B7EF3B03FD /* Seed.swift */ = {isa = PBXFileReference; lastKnownFileType = sourcecode.swift; path = Seed.swift; sourceTree = "<group>"; };
		78DD03300B375A1AA94F9F24 /* LabelTokensField.swift */ = {isa = PBXFileReference; lastKnownFileType = sourcecode.swift; path = LabelTokensField.swift; sourceTree = "<group>"; };
		7F4F596266E3DE39E1947110 /* MCPServer.swift */ = {isa = PBXFileReference; lastKnownFileType = sourcecode.swift; path = MCPServer.swift; sourceTree = "<group>"; };
		819337D1595290803F0B11C8 /* Theme.swift */ = {isa = PBXFileReference; lastKnownFileType = sourcecode.swift; path = Theme.swift; sourceTree = "<group>"; };
		B139EC32050FAE74A00A8216 /* AppStore.swift */ = {isa = PBXFileReference; lastKnownFileType = sourcecode.swift; path = AppStore.swift; sourceTree = "<group>"; };
		B4590B891128234CAEDD8FCC /* AppIcon.icns */ = {isa = PBXFileReference; lastKnownFileType = image.icns; path = AppIcon.icns; sourceTree = "<group>"; };
		B8B9C6B2EDAC952C388202F0 /* QuickAddSheet.swift */ = {isa = PBXFileReference; lastKnownFileType = sourcecode.swift; path = QuickAddSheet.swift; sourceTree = "<group>"; };
		C4ADCCE22DAB9D7A78246901 /* Assets.xcassets */ = {isa = PBXFileReference; lastKnownFileType = folder.assetcatalog; path = Assets.xcassets; sourceTree = "<group>"; };
		C8528C6ECEF75E8896DC0902 /* Arkboard.app */ = {isa = PBXFileReference; explicitFileType = wrapper.application; includeInIndex = 0; path = Arkboard.app; sourceTree = BUILT_PRODUCTS_DIR; };
		DB8648EA8477A5B7ED187668 /* Models.swift */ = {isa = PBXFileReference; lastKnownFileType = sourcecode.swift; path = Models.swift; sourceTree = "<group>"; };
		DED51408B047CE48749C7D91 /* ActivityFeedView.swift */ = {isa = PBXFileReference; lastKnownFileType = sourcecode.swift; path = ActivityFeedView.swift; sourceTree = "<group>"; };
		E2C661A8888A4EE4E4FECCDB /* EmptyStates.swift */ = {isa = PBXFileReference; lastKnownFileType = sourcecode.swift; path = EmptyStates.swift; sourceTree = "<group>"; };
		E530EAE692902D376454BDC0 /* RootView.swift */ = {isa = PBXFileReference; lastKnownFileType = sourcecode.swift; path = RootView.swift; sourceTree = "<group>"; };
		FF07FAF307783853DDB64880 /* Database.swift */ = {isa = PBXFileReference; lastKnownFileType = sourcecode.swift; path = Database.swift; sourceTree = "<group>"; };
/* End PBXFileReference section */

/* Begin PBXFrameworksBuildPhase section */
		405198A5D1233D839ACC7686 /* Frameworks */ = {
			isa = PBXFrameworksBuildPhase;
			buildActionMask = 2147483647;
			files = (
				3D1ACF0882DA1ED6657DCC11 /* GRDB in Frameworks */,
			);
			runOnlyForDeploymentPostprocessing = 0;
		};
/* End PBXFrameworksBuildPhase section */

/* Begin PBXGroup section */
		0099805F514DC9879A00F4B7 /* Arkboard */ = {
			isa = PBXGroup;
			children = (
				1751704022B7C506D62EC539 /* MCP */,
				E3B3448B085DCFFD8A3831A7 /* Models */,
				77E648E10B411ED684D4EFC9 /* Persistence */,
				5B40CABADBCBD1B99382A2D5 /* Resources */,
				E0D2ACB00D00934451FAB844 /* Store */,
				773A3614F6F3779D05F87060 /* Views */,
				632C2BE37129EE7A6CC3944F /* Arkboard.entitlements */,
				28E5EE3913CF9079E5B96E81 /* ArkboardApp.swift */,
			);
			path = Arkboard;
			sourceTree = "<group>";
		};
		1751704022B7C506D62EC539 /* MCP */ = {
			isa = PBXGroup;
			children = (
				02E0B3D7B7CC903CE62875B3 /* GitHubIssueLink.swift */,
				7F4F596266E3DE39E1947110 /* MCPServer.swift */,
			);
			path = MCP;
			sourceTree = "<group>";
		};
		3C8FEDD16C09D9FADC0B559D = {
			isa = PBXGroup;
			children = (
				CFF35E115FA4D120CDCF22DA /* Sources */,
				D56B0A9B28FFD6AC463DB8A5 /* Products */,
			);
			sourceTree = "<group>";
		};
		5B40CABADBCBD1B99382A2D5 /* Resources */ = {
			isa = PBXGroup;
			children = (
				B4590B891128234CAEDD8FCC /* AppIcon.icns */,
				C4ADCCE22DAB9D7A78246901 /* Assets.xcassets */,
			);
			path = Resources;
			sourceTree = "<group>";
		};
		773A3614F6F3779D05F87060 /* Views */ = {
			isa = PBXGroup;
			children = (
				DED51408B047CE48749C7D91 /* ActivityFeedView.swift */,
				619C85475CA602B7E3CA8B6D /* BoardView.swift */,
				E2C661A8888A4EE4E4FECCDB /* EmptyStates.swift */,
				16FF590965F29383224A2B13 /* IssueDetailView.swift */,
				0100CADAE429735C3651EABF /* IssueListView.swift */,
				78DD03300B375A1AA94F9F24 /* LabelTokensField.swift */,
				1D58B0EE37E6A84A407B3F91 /* PortfolioView.swift */,
				B8B9C6B2EDAC952C388202F0 /* QuickAddSheet.swift */,
				E530EAE692902D376454BDC0 /* RootView.swift */,
				3C66B960BC6623A666AB5A3C /* SettingsView.swift */,
				36E128784F7CF9DB9F511DEA /* SidebarView.swift */,
				819337D1595290803F0B11C8 /* Theme.swift */,
			);
			path = Views;
			sourceTree = "<group>";
		};
		77E648E10B411ED684D4EFC9 /* Persistence */ = {
			isa = PBXGroup;
			children = (
				FF07FAF307783853DDB64880 /* Database.swift */,
				6806623E2040D5B7EF3B03FD /* Seed.swift */,
			);
			path = Persistence;
			sourceTree = "<group>";
		};
		CFF35E115FA4D120CDCF22DA /* Sources */ = {
			isa = PBXGroup;
			children = (
				0099805F514DC9879A00F4B7 /* Arkboard */,
			);
			path = Sources;
			sourceTree = "<group>";
		};
		D56B0A9B28FFD6AC463DB8A5 /* Products */ = {
			isa = PBXGroup;
			children = (
				C8528C6ECEF75E8896DC0902 /* Arkboard.app */,
			);
			name = Products;
			sourceTree = "<group>";
		};
		E0D2ACB00D00934451FAB844 /* Store */ = {
			isa = PBXGroup;
			children = (
				B139EC32050FAE74A00A8216 /* AppStore.swift */,
			);
			path = Store;
			sourceTree = "<group>";
		};
		E3B3448B085DCFFD8A3831A7 /* Models */ = {
			isa = PBXGroup;
			children = (
				DB8648EA8477A5B7ED187668 /* Models.swift */,
			);
			path = Models;
			sourceTree = "<group>";
		};
/* End PBXGroup section */

/* Begin PBXNativeTarget section */
		B055456FACAE6378B44478C3 /* Arkboard */ = {
			isa = PBXNativeTarget;
			buildConfigurationList = 170141609873488AC65CA0D1 /* Build configuration list for PBXNativeTarget "Arkboard" */;
			buildPhases = (
				3240AAEAE017224F05647F8D /* Sources */,
				31506705D5E93E8626076D7F /* Resources */,
				405198A5D1233D839ACC7686 /* Frameworks */,
			);
			buildRules = (
			);
			dependencies = (
			);
			name = Arkboard;
			packageProductDependencies = (
				A565A1B4A02340C63B51DD2D /* GRDB */,
			);
			productName = Arkboard;
			productReference = C8528C6ECEF75E8896DC0902 /* Arkboard.app */;
			productType = "com.apple.product-type.application";
		};
/* End PBXNativeTarget section */

/* Begin PBXProject section */
		78984434B8CC44AFE02802AE /* Project object */ = {
			isa = PBXProject;
			attributes = {
				BuildIndependentTargetsInParallel = YES;
				LastUpgradeCheck = 1430;
				TargetAttributes = {
					B055456FACAE6378B44478C3 = {
						DevelopmentTeam = "";
					};
				};
			};
			buildConfigurationList = 25A0273B0BF9A435ED64E04C /* Build configuration list for PBXProject "Arkboard" */;
			developmentRegion = en;
			hasScannedForEncodings = 0;
			knownRegions = (
				Base,
				en,
			);
			mainGroup = 3C8FEDD16C09D9FADC0B559D;
			minimizedProjectReferenceProxies = 1;
			packageReferences = (
				FFB7CD74C142A10C2DC22DD8 /* XCRemoteSwiftPackageReference "GRDB.swift" */,
			);
			preferredProjectObjectVersion = 77;
			productRefGroup = D56B0A9B28FFD6AC463DB8A5 /* Products */;
			projectDirPath = "";
			projectRoot = "";
			targets = (
				B055456FACAE6378B44478C3 /* Arkboard */,
			);
		};
/* End PBXProject section */

/* Begin PBXResourcesBuildPhase section */
		31506705D5E93E8626076D7F /* Resources */ = {
			isa = PBXResourcesBuildPhase;
			buildActionMask = 2147483647;
			files = (
				418923F48E2C9EAB9A0530B5 /* AppIcon.icns in Resources */,
				2CE8D6377AD4ACDE3C1DA1BB /* Assets.xcassets in Resources */,
			);
			runOnlyForDeploymentPostprocessing = 0;
		};
/* End PBXResourcesBuildPhase section */

/* Begin PBXSourcesBuildPhase section */
		3240AAEAE017224F05647F8D /* Sources */ = {
			isa = PBXSourcesBuildPhase;
			buildActionMask = 2147483647;
			files = (
				C0A95BA632C7BFD4D3A9C175 /* ActivityFeedView.swift in Sources */,
				E9020F24CE9935A0E3FD6F31 /* AppStore.swift in Sources */,
				55797B9B3D845C53C1EAE6AF /* ArkboardApp.swift in Sources */,
				20FF3F5933F4FB084561987C /* BoardView.swift in Sources */,
				4548EBBCC0D2771E51AD09DC /* Database.swift in Sources */,
				2FB026E1389C62E4047EB85B /* EmptyStates.swift in Sources */,
				287AE24DE824E9C3D1D46C9A /* GitHubIssueLink.swift in Sources */,
				FD6AD1AC9DDB5A81B8276F8A /* IssueDetailView.swift in Sources */,
				8789BCED0F496BB82D518193 /* IssueListView.swift in Sources */,
				03FDD864BF4AEE42C0C2A092 /* LabelTokensField.swift in Sources */,
				8505497618D4107B6BCA63FF /* MCPServer.swift in Sources */,
				B7FF141559F1CA828EFFD8E1 /* Models.swift in Sources */,
				E9005D385404250D02DDB2D1 /* PortfolioView.swift in Sources */,
				844F4C1A7BF3841DA4C1C581 /* QuickAddSheet.swift in Sources */,
				B3A297417464FB8DD8A50950 /* RootView.swift in Sources */,
				F502F378CD5B813ED894101E /* Seed.swift in Sources */,
				87CA37DC88CC206CA0424924 /* SettingsView.swift in Sources */,
				37E1A8F0A0352666543F3DBB /* SidebarView.swift in Sources */,
				19863E0CC792A7E5327ABE31 /* Theme.swift in Sources */,
			);
			runOnlyForDeploymentPostprocessing = 0;
		};
/* End PBXSourcesBuildPhase section */

/* Begin XCBuildConfiguration section */
		1061B217FCF0C534C7BDCD30 /* Debug */ = {
			isa = XCBuildConfiguration;
			buildSettings = {
				ALWAYS_SEARCH_USER_PATHS = NO;
				CLANG_ANALYZER_NONNULL = YES;
				CLANG_ANALYZER_NUMBER_OBJECT_CONVERSION = YES_AGGRESSIVE;
				CLANG_CXX_LANGUAGE_STANDARD = "gnu++14";
				CLANG_CXX_LIBRARY = "libc++";
				CLANG_ENABLE_MODULES = YES;
				CLANG_ENABLE_OBJC_ARC = YES;
				CLANG_ENABLE_OBJC_WEAK = YES;
				CLANG_WARN_BLOCK_CAPTURE_AUTORELEASING = YES;
				CLANG_WARN_BOOL_CONVERSION = YES;
				CLANG_WARN_COMMA = YES;
				CLANG_WARN_CONSTANT_CONVERSION = YES;
				CLANG_WARN_DEPRECATED_OBJC_IMPLEMENTATIONS = YES;
				CLANG_WARN_DIRECT_OBJC_ISA_USAGE = YES_ERROR;
				CLANG_WARN_DOCUMENTATION_COMMENTS = YES;
				CLANG_WARN_EMPTY_BODY = YES;
				CLANG_WARN_ENUM_CONVERSION = YES;
				CLANG_WARN_INFINITE_RECURSION = YES;
				CLANG_WARN_INT_CONVERSION = YES;
				CLANG_WARN_NON_LITERAL_NULL_CONVERSION = YES;
				CLANG_WARN_OBJC_IMPLICIT_RETAIN_SELF = YES;
				CLANG_WARN_OBJC_LITERAL_CONVERSION = YES;
				CLANG_WARN_OBJC_ROOT_CLASS = YES_ERROR;
				CLANG_WARN_QUOTED_INCLUDE_IN_FRAMEWORK_HEADER = YES;
				CLANG_WARN_RANGE_LOOP_ANALYSIS = YES;
				CLANG_WARN_STRICT_PROTOTYPES = YES;
				CLANG_WARN_SUSPICIOUS_MOVE = YES;
				CLANG_WARN_UNGUARDED_AVAILABILITY = YES_AGGRESSIVE;
				CLANG_WARN_UNREACHABLE_CODE = YES;
				CLANG_WARN__DUPLICATE_METHOD_MATCH = YES;
				COPY_PHASE_STRIP = NO;
				DEBUG_INFORMATION_FORMAT = dwarf;
				ENABLE_STRICT_OBJC_MSGSEND = YES;
				ENABLE_TESTABILITY = YES;
				GCC_C_LANGUAGE_STANDARD = gnu11;
				GCC_DYNAMIC_NO_PIC = NO;
				GCC_NO_COMMON_BLOCKS = YES;
				GCC_OPTIMIZATION_LEVEL = 0;
				GCC_PREPROCESSOR_DEFINITIONS = (
					"$(inherited)",
					"DEBUG=1",
				);
				GCC_WARN_64_TO_32_BIT_CONVERSION = YES;
				GCC_WARN_ABOUT_RETURN_TYPE = YES_ERROR;
				GCC_WARN_UNDECLARED_SELECTOR = YES;
				GCC_WARN_UNINITIALIZED_AUTOS = YES_AGGRESSIVE;
				GCC_WARN_UNUSED_FUNCTION = YES;
				GCC_WARN_UNUSED_VARIABLE = YES;
				MACOSX_DEPLOYMENT_TARGET = 14.0;
				MTL_ENABLE_DEBUG_INFO = INCLUDE_SOURCE;
				MTL_FAST_MATH = YES;
				ONLY_ACTIVE_ARCH = YES;
				PRODUCT_NAME = "$(TARGET_NAME)";
				SDKROOT = macosx;
				SWIFT_ACTIVE_COMPILATION_CONDITIONS = DEBUG;
				SWIFT_OPTIMIZATION_LEVEL = "-Onone";
				SWIFT_VERSION = 5.10;
			};
			name = Debug;
		};
		1EE3C5F9E1FF79445A87F31C /* Release */ = {
			isa = XCBuildConfiguration;
			buildSettings = {
				ALWAYS_SEARCH_USER_PATHS = NO;
				CLANG_ANALYZER_NONNULL = YES;
				CLANG_ANALYZER_NUMBER_OBJECT_CONVERSION = YES_AGGRESSIVE;
				CLANG_CXX_LANGUAGE_STANDARD = "gnu++14";
				CLANG_CXX_LIBRARY = "libc++";
				CLANG_ENABLE_MODULES = YES;
				CLANG_ENABLE_OBJC_ARC = YES;
				CLANG_ENABLE_OBJC_WEAK = YES;
				CLANG_WARN_BLOCK_CAPTURE_AUTORELEASING = YES;
				CLANG_WARN_BOOL_CONVERSION = YES;
				CLANG_WARN_COMMA = YES;
				CLANG_WARN_CONSTANT_CONVERSION = YES;
				CLANG_WARN_DEPRECATED_OBJC_IMPLEMENTATIONS = YES;
				CLANG_WARN_DIRECT_OBJC_ISA_USAGE = YES_ERROR;
				CLANG_WARN_DOCUMENTATION_COMMENTS = YES;
				CLANG_WARN_EMPTY_BODY = YES;
				CLANG_WARN_ENUM_CONVERSION = YES;
				CLANG_WARN_INFINITE_RECURSION = YES;
				CLANG_WARN_INT_CONVERSION = YES;
				CLANG_WARN_NON_LITERAL_NULL_CONVERSION = YES;
				CLANG_WARN_OBJC_IMPLICIT_RETAIN_SELF = YES;
				CLANG_WARN_OBJC_LITERAL_CONVERSION = YES;
				CLANG_WARN_OBJC_ROOT_CLASS = YES_ERROR;
				CLANG_WARN_QUOTED_INCLUDE_IN_FRAMEWORK_HEADER = YES;
				CLANG_WARN_RANGE_LOOP_ANALYSIS = YES;
				CLANG_WARN_STRICT_PROTOTYPES = YES;
				CLANG_WARN_SUSPICIOUS_MOVE = YES;
				CLANG_WARN_UNGUARDED_AVAILABILITY = YES_AGGRESSIVE;
				CLANG_WARN_UNREACHABLE_CODE = YES;
				CLANG_WARN__DUPLICATE_METHOD_MATCH = YES;
				COPY_PHASE_STRIP = NO;
				DEBUG_INFORMATION_FORMAT = "dwarf-with-dsym";
				ENABLE_NS_ASSERTIONS = NO;
				ENABLE_STRICT_OBJC_MSGSEND = YES;
				GCC_C_LANGUAGE_STANDARD = gnu11;
				GCC_NO_COMMON_BLOCKS = YES;
				GCC_WARN_64_TO_32_BIT_CONVERSION = YES;
				GCC_WARN_ABOUT_RETURN_TYPE = YES_ERROR;
				GCC_WARN_UNDECLARED_SELECTOR = YES;
				GCC_WARN_UNINITIALIZED_AUTOS = YES_AGGRESSIVE;
				GCC_WARN_UNUSED_FUNCTION = YES;
				GCC_WARN_UNUSED_VARIABLE = YES;
				MACOSX_DEPLOYMENT_TARGET = 14.0;
				MTL_ENABLE_DEBUG_INFO = NO;
				MTL_FAST_MATH = YES;
				PRODUCT_NAME = "$(TARGET_NAME)";
				SDKROOT = macosx;
				SWIFT_COMPILATION_MODE = wholemodule;
				SWIFT_OPTIMIZATION_LEVEL = "-O";
				SWIFT_VERSION = 5.10;
			};
			name = Release;
		};
		959354ECDDC797C1EA62C281 /* Debug */ = {
			isa = XCBuildConfiguration;
			buildSettings = {
				ASSETCATALOG_COMPILER_APPICON_NAME = AppIcon;
				CODE_SIGN_ENTITLEMENTS = Sources/Arkboard/Arkboard.entitlements;
				CODE_SIGN_IDENTITY = "-";
				COMBINE_HIDPI_IMAGES = YES;
				CURRENT_PROJECT_VERSION = 1;
				DEVELOPMENT_TEAM = "";
				ENABLE_HARDENED_RUNTIME = NO;
				GENERATE_INFOPLIST_FILE = YES;
				INFOPLIST_KEY_CFBundleDisplayName = Arkboard;
				INFOPLIST_KEY_LSApplicationCategoryType = "public.app-category.productivity";
				INFOPLIST_KEY_LSMinimumSystemVersion = 14.0;
				INFOPLIST_KEY_NSHumanReadableCopyright = "Copyright © 2026 Origin Ark Studio. MIT License.";
				LD_RUNPATH_SEARCH_PATHS = (
					"$(inherited)",
					"@executable_path/../Frameworks",
				);
				MARKETING_VERSION = 1.0.0;
				PRODUCT_BUNDLE_IDENTIFIER = studio.originark.arkboard;
				PRODUCT_NAME = Arkboard;
				SDKROOT = macosx;
				SWIFT_STRICT_CONCURRENCY = minimal;
			};
			name = Debug;
		};
		AC933F3B42F974C78265CC19 /* Release */ = {
			isa = XCBuildConfiguration;
			buildSettings = {
				ASSETCATALOG_COMPILER_APPICON_NAME = AppIcon;
				CODE_SIGN_ENTITLEMENTS = Sources/Arkboard/Arkboard.entitlements;
				CODE_SIGN_IDENTITY = "-";
				COMBINE_HIDPI_IMAGES = YES;
				CURRENT_PROJECT_VERSION = 1;
				DEVELOPMENT_TEAM = "";
				ENABLE_HARDENED_RUNTIME = NO;
				GENERATE_INFOPLIST_FILE = YES;
				INFOPLIST_KEY_CFBundleDisplayName = Arkboard;
				INFOPLIST_KEY_LSApplicationCategoryType = "public.app-category.productivity";
				INFOPLIST_KEY_LSMinimumSystemVersion = 14.0;
				INFOPLIST_KEY_NSHumanReadableCopyright = "Copyright © 2026 Origin Ark Studio. MIT License.";
				LD_RUNPATH_SEARCH_PATHS = (
					"$(inherited)",
					"@executable_path/../Frameworks",
				);
				MARKETING_VERSION = 1.0.0;
				PRODUCT_BUNDLE_IDENTIFIER = studio.originark.arkboard;
				PRODUCT_NAME = Arkboard;
				SDKROOT = macosx;
				SWIFT_STRICT_CONCURRENCY = minimal;
			};
			name = Release;
		};
/* End XCBuildConfiguration section */

/* Begin XCConfigurationList section */
		170141609873488AC65CA0D1 /* Build configuration list for PBXNativeTarget "Arkboard" */ = {
			isa = XCConfigurationList;
			buildConfigurations = (
				959354ECDDC797C1EA62C281 /* Debug */,
				AC933F3B42F974C78265CC19 /* Release */,
			);
			defaultConfigurationIsVisible = 0;
			defaultConfigurationName = Debug;
		};
		25A0273B0BF9A435ED64E04C /* Build configuration list for PBXProject "Arkboard" */ = {
			isa = XCConfigurationList;
			buildConfigurations = (
				1061B217FCF0C534C7BDCD30 /* Debug */,
				1EE3C5F9E1FF79445A87F31C /* Release */,
			);
			defaultConfigurationIsVisible = 0;
			defaultConfigurationName = Debug;
		};
/* End XCConfigurationList section */

/* Begin XCRemoteSwiftPackageReference section */
		FFB7CD74C142A10C2DC22DD8 /* XCRemoteSwiftPackageReference "GRDB.swift" */ = {
			isa = XCRemoteSwiftPackageReference;
			repositoryURL = "https://github.com/groue/GRDB.swift";
			requirement = {
				kind = upToNextMajorVersion;
				minimumVersion = 7.4.0;
			};
		};
/* End XCRemoteSwiftPackageReference section */

/* Begin XCSwiftPackageProductDependency section */
		A565A1B4A02340C63B51DD2D /* GRDB */ = {
			isa = XCSwiftPackageProductDependency;
			package = FFB7CD74C142A10C2DC22DD8 /* XCRemoteSwiftPackageReference "GRDB.swift" */;
			productName = GRDB;
		};
/* End XCSwiftPackageProductDependency section */
	};
	rootObject = 78984434B8CC44AFE02802AE /* Project object */;
}
